
Microsoft Visual Studio Solution File, Format Version 12.00
# Visual Studio 14
VisualStudioVersion = 14.0.22129.1
MinimumVisualStudioVersion = 10.0.40219.1
Project("{D954291E-2A0B-460D-934E-DC6B0785DB48}") = "XamTally", "XamTally\XamTally.shproj", "{5787ED2C-6D36-48E6-936F-EE1AC7A14B69}"
EndProject
Global
	GlobalSection(SharedMSBuildProjectFiles) = preSolution
		XamTally\XamTally.projitems*{5787ed2c-6d36-48e6-936f-ee1ac7a14b69}*SharedItemsImports = 13
	EndGlobalSection
	GlobalSection(SolutionProperties) = preSolution
		HideSolutionNode = FALSE
	EndGlobalSection
EndGlobal
