
Microsoft Visual Studio Solution File, Format Version 12.00
# Visual Studio 14
VisualStudioVersion = 14.0.22129.1
MinimumVisualStudioVersion = 10.0.40219.1
Project("{D954291E-2A0B-460D-934E-DC6B0785DB48}") = "XamTally", "XamTally\XamTally\XamTally.shproj", "{5787ED2C-6D36-48E6-936F-EE1AC7A14B69}"
EndProject
Project("{FAE04EC0-301F-11D3-BF4B-00C04F79EFBC}") = "XamTally.WinPhone", "XamTally\XamTally.WinPhone\XamTally.WinPhone.csproj", "{8B0AD634-056B-49C8-888A-4848B2657A21}"
EndProject
Project("{FAE04EC0-301F-11D3-BF4B-00C04F79EFBC}") = "XamTally.iOS", "XamTally\XamTally.iOS\XamTally.iOS.csproj", "{802D04CC-94BB-4E36-B887-32614F131245}"
EndProject
Project("{FAE04EC0-301F-11D3-BF4B-00C04F79EFBC}") = "XamTally.Android", "XamTally\XamTally.Android\XamTally.Android.csproj", "{5082FC92-3308-4E47-83FC-1755F22F81A6}"
EndProject
Project("{FAE04EC0-301F-11D3-BF4B-00C04F79EFBC}") = "Services", "Services\Services.csproj", "{3FF5CA7F-6D0A-48A0-9318-276B348B0895}"
EndProject
Global
	GlobalSection(SharedMSBuildProjectFiles) = preSolution
		XamTally\XamTally\XamTally.projitems*{8b0ad634-056b-49c8-888a-4848b2657a21}*SharedItemsImports = 4
		XamTally\XamTally\XamTally.projitems*{5787ed2c-6d36-48e6-936f-ee1ac7a14b69}*SharedItemsImports = 13
		XamTally\XamTally\XamTally.projitems*{802d04cc-94bb-4e36-b887-32614f131245}*SharedItemsImports = 4
		XamTally\XamTally\XamTally.projitems*{5082fc92-3308-4e47-83fc-1755f22f81a6}*SharedItemsImports = 4
	EndGlobalSection
	GlobalSection(SolutionConfigurationPlatforms) = preSolution
		Ad-Hoc|Any CPU = Ad-Hoc|Any CPU
		Ad-Hoc|ARM = Ad-Hoc|ARM
		Ad-Hoc|iPhone = Ad-Hoc|iPhone
		Ad-Hoc|iPhoneSimulator = Ad-Hoc|iPhoneSimulator
		Ad-Hoc|Mixed Platforms = Ad-Hoc|Mixed Platforms
		Ad-Hoc|x86 = Ad-Hoc|x86
		AppStore|Any CPU = AppStore|Any CPU
		AppStore|ARM = AppStore|ARM
		AppStore|iPhone = AppStore|iPhone
		AppStore|iPhoneSimulator = AppStore|iPhoneSimulator
		AppStore|Mixed Platforms = AppStore|Mixed Platforms
		AppStore|x86 = AppStore|x86
		Debug|Any CPU = Debug|Any CPU
		Debug|ARM = Debug|ARM
		Debug|iPhone = Debug|iPhone
		Debug|iPhoneSimulator = Debug|iPhoneSimulator
		Debug|Mixed Platforms = Debug|Mixed Platforms
		Debug|x86 = Debug|x86
		Release|Any CPU = Release|Any CPU
		Release|ARM = Release|ARM
		Release|iPhone = Release|iPhone
		Release|iPhoneSimulator = Release|iPhoneSimulator
		Release|Mixed Platforms = Release|Mixed Platforms
		Release|x86 = Release|x86
	EndGlobalSection
	GlobalSection(ProjectConfigurationPlatforms) = postSolution
		{8B0AD634-056B-49C8-888A-4848B2657A21}.Ad-Hoc|Any CPU.ActiveCfg = Release|Any CPU
		{8B0AD634-056B-49C8-888A-4848B2657A21}.Ad-Hoc|Any CPU.Build.0 = Release|Any CPU
		{8B0AD634-056B-49C8-888A-4848B2657A21}.Ad-Hoc|Any CPU.Deploy.0 = Release|Any CPU
		{8B0AD634-056B-49C8-888A-4848B2657A21}.Ad-Hoc|ARM.ActiveCfg = Release|ARM
		{8B0AD634-056B-49C8-888A-4848B2657A21}.Ad-Hoc|ARM.Build.0 = Release|ARM
		{8B0AD634-056B-49C8-888A-4848B2657A21}.Ad-Hoc|ARM.Deploy.0 = Release|ARM
		{8B0AD634-056B-49C8-888A-4848B2657A21}.Ad-Hoc|iPhone.ActiveCfg = Release|Any CPU
		{8B0AD634-056B-49C8-888A-4848B2657A21}.Ad-Hoc|iPhoneSimulator.ActiveCfg = Release|Any CPU
		{8B0AD634-056B-49C8-888A-4848B2657A21}.Ad-Hoc|Mixed Platforms.ActiveCfg = Release|x86
		{8B0AD634-056B-49C8-888A-4848B2657A21}.Ad-Hoc|Mixed Platforms.Build.0 = Release|x86
		{8B0AD634-056B-49C8-888A-4848B2657A21}.Ad-Hoc|Mixed Platforms.Deploy.0 = Release|x86
		{8B0AD634-056B-49C8-888A-4848B2657A21}.Ad-Hoc|x86.ActiveCfg = Release|x86
		{8B0AD634-056B-49C8-888A-4848B2657A21}.Ad-Hoc|x86.Build.0 = Release|x86
		{8B0AD634-056B-49C8-888A-4848B2657A21}.Ad-Hoc|x86.Deploy.0 = Release|x86
		{8B0AD634-056B-49C8-888A-4848B2657A21}.AppStore|Any CPU.ActiveCfg = Release|Any CPU
		{8B0AD634-056B-49C8-888A-4848B2657A21}.AppStore|Any CPU.Build.0 = Release|Any CPU
		{8B0AD634-056B-49C8-888A-4848B2657A21}.AppStore|Any CPU.Deploy.0 = Release|Any CPU
		{8B0AD634-056B-49C8-888A-4848B2657A21}.AppStore|ARM.ActiveCfg = Release|ARM
		{8B0AD634-056B-49C8-888A-4848B2657A21}.AppStore|ARM.Build.0 = Release|ARM
		{8B0AD634-056B-49C8-888A-4848B2657A21}.AppStore|ARM.Deploy.0 = Release|ARM
		{8B0AD634-056B-49C8-888A-4848B2657A21}.AppStore|iPhone.ActiveCfg = Release|Any CPU
		{8B0AD634-056B-49C8-888A-4848B2657A21}.AppStore|iPhoneSimulator.ActiveCfg = Release|Any CPU
		{8B0AD634-056B-49C8-888A-4848B2657A21}.AppStore|Mixed Platforms.ActiveCfg = Release|x86
		{8B0AD634-056B-49C8-888A-4848B2657A21}.AppStore|Mixed Platforms.Build.0 = Release|x86
		{8B0AD634-056B-49C8-888A-4848B2657A21}.AppStore|Mixed Platforms.Deploy.0 = Release|x86
		{8B0AD634-056B-49C8-888A-4848B2657A21}.AppStore|x86.ActiveCfg = Release|x86
		{8B0AD634-056B-49C8-888A-4848B2657A21}.AppStore|x86.Build.0 = Release|x86
		{8B0AD634-056B-49C8-888A-4848B2657A21}.AppStore|x86.Deploy.0 = Release|x86
		{8B0AD634-056B-49C8-888A-4848B2657A21}.Debug|Any CPU.ActiveCfg = Debug|Any CPU
		{8B0AD634-056B-49C8-888A-4848B2657A21}.Debug|Any CPU.Build.0 = Debug|Any CPU
		{8B0AD634-056B-49C8-888A-4848B2657A21}.Debug|Any CPU.Deploy.0 = Debug|Any CPU
		{8B0AD634-056B-49C8-888A-4848B2657A21}.Debug|ARM.ActiveCfg = Debug|ARM
		{8B0AD634-056B-49C8-888A-4848B2657A21}.Debug|ARM.Build.0 = Debug|ARM
		{8B0AD634-056B-49C8-888A-4848B2657A21}.Debug|ARM.Deploy.0 = Debug|ARM
		{8B0AD634-056B-49C8-888A-4848B2657A21}.Debug|iPhone.ActiveCfg = Debug|Any CPU
		{8B0AD634-056B-49C8-888A-4848B2657A21}.Debug|iPhoneSimulator.ActiveCfg = Debug|Any CPU
		{8B0AD634-056B-49C8-888A-4848B2657A21}.Debug|Mixed Platforms.ActiveCfg = Debug|ARM
		{8B0AD634-056B-49C8-888A-4848B2657A21}.Debug|Mixed Platforms.Build.0 = Debug|ARM
		{8B0AD634-056B-49C8-888A-4848B2657A21}.Debug|Mixed Platforms.Deploy.0 = Debug|ARM
		{8B0AD634-056B-49C8-888A-4848B2657A21}.Debug|x86.ActiveCfg = Debug|x86
		{8B0AD634-056B-49C8-888A-4848B2657A21}.Debug|x86.Build.0 = Debug|x86
		{8B0AD634-056B-49C8-888A-4848B2657A21}.Debug|x86.Deploy.0 = Debug|x86
		{8B0AD634-056B-49C8-888A-4848B2657A21}.Release|Any CPU.ActiveCfg = Release|Any CPU
		{8B0AD634-056B-49C8-888A-4848B2657A21}.Release|Any CPU.Build.0 = Release|Any CPU
		{8B0AD634-056B-49C8-888A-4848B2657A21}.Release|Any CPU.Deploy.0 = Release|Any CPU
		{8B0AD634-056B-49C8-888A-4848B2657A21}.Release|ARM.ActiveCfg = Release|ARM
		{8B0AD634-056B-49C8-888A-4848B2657A21}.Release|ARM.Build.0 = Release|ARM
		{8B0AD634-056B-49C8-888A-4848B2657A21}.Release|ARM.Deploy.0 = Release|ARM
		{8B0AD634-056B-49C8-888A-4848B2657A21}.Release|iPhone.ActiveCfg = Release|Any CPU
		{8B0AD634-056B-49C8-888A-4848B2657A21}.Release|iPhoneSimulator.ActiveCfg = Release|Any CPU
		{8B0AD634-056B-49C8-888A-4848B2657A21}.Release|Mixed Platforms.ActiveCfg = Release|x86
		{8B0AD634-056B-49C8-888A-4848B2657A21}.Release|Mixed Platforms.Build.0 = Release|x86
		{8B0AD634-056B-49C8-888A-4848B2657A21}.Release|Mixed Platforms.Deploy.0 = Release|x86
		{8B0AD634-056B-49C8-888A-4848B2657A21}.Release|x86.ActiveCfg = Release|x86
		{8B0AD634-056B-49C8-888A-4848B2657A21}.Release|x86.Build.0 = Release|x86
		{8B0AD634-056B-49C8-888A-4848B2657A21}.Release|x86.Deploy.0 = Release|x86
		{802D04CC-94BB-4E36-B887-32614F131245}.Ad-Hoc|Any CPU.ActiveCfg = Ad-Hoc|iPhone
		{802D04CC-94BB-4E36-B887-32614F131245}.Ad-Hoc|ARM.ActiveCfg = Ad-Hoc|iPhone
		{802D04CC-94BB-4E36-B887-32614F131245}.Ad-Hoc|iPhone.ActiveCfg = Ad-Hoc|iPhone
		{802D04CC-94BB-4E36-B887-32614F131245}.Ad-Hoc|iPhone.Build.0 = Ad-Hoc|iPhone
		{802D04CC-94BB-4E36-B887-32614F131245}.Ad-Hoc|iPhoneSimulator.ActiveCfg = Ad-Hoc|iPhoneSimulator
		{802D04CC-94BB-4E36-B887-32614F131245}.Ad-Hoc|iPhoneSimulator.Build.0 = Ad-Hoc|iPhoneSimulator
		{802D04CC-94BB-4E36-B887-32614F131245}.Ad-Hoc|Mixed Platforms.ActiveCfg = Ad-Hoc|iPhone
		{802D04CC-94BB-4E36-B887-32614F131245}.Ad-Hoc|Mixed Platforms.Build.0 = Ad-Hoc|iPhone
		{802D04CC-94BB-4E36-B887-32614F131245}.Ad-Hoc|x86.ActiveCfg = Ad-Hoc|iPhone
		{802D04CC-94BB-4E36-B887-32614F131245}.AppStore|Any CPU.ActiveCfg = AppStore|iPhone
		{802D04CC-94BB-4E36-B887-32614F131245}.AppStore|ARM.ActiveCfg = AppStore|iPhone
		{802D04CC-94BB-4E36-B887-32614F131245}.AppStore|iPhone.ActiveCfg = AppStore|iPhone
		{802D04CC-94BB-4E36-B887-32614F131245}.AppStore|iPhone.Build.0 = AppStore|iPhone
		{802D04CC-94BB-4E36-B887-32614F131245}.AppStore|iPhoneSimulator.ActiveCfg = AppStore|iPhoneSimulator
		{802D04CC-94BB-4E36-B887-32614F131245}.AppStore|iPhoneSimulator.Build.0 = AppStore|iPhoneSimulator
		{802D04CC-94BB-4E36-B887-32614F131245}.AppStore|Mixed Platforms.ActiveCfg = AppStore|iPhone
		{802D04CC-94BB-4E36-B887-32614F131245}.AppStore|Mixed Platforms.Build.0 = AppStore|iPhone
		{802D04CC-94BB-4E36-B887-32614F131245}.AppStore|x86.ActiveCfg = AppStore|iPhone
		{802D04CC-94BB-4E36-B887-32614F131245}.Debug|Any CPU.ActiveCfg = Debug|iPhone
		{802D04CC-94BB-4E36-B887-32614F131245}.Debug|ARM.ActiveCfg = Debug|iPhone
		{802D04CC-94BB-4E36-B887-32614F131245}.Debug|iPhone.ActiveCfg = Debug|iPhone
		{802D04CC-94BB-4E36-B887-32614F131245}.Debug|iPhone.Build.0 = Debug|iPhone
		{802D04CC-94BB-4E36-B887-32614F131245}.Debug|iPhoneSimulator.ActiveCfg = Debug|iPhoneSimulator
		{802D04CC-94BB-4E36-B887-32614F131245}.Debug|iPhoneSimulator.Build.0 = Debug|iPhoneSimulator
		{802D04CC-94BB-4E36-B887-32614F131245}.Debug|Mixed Platforms.ActiveCfg = Debug|iPhone
		{802D04CC-94BB-4E36-B887-32614F131245}.Debug|Mixed Platforms.Build.0 = Debug|iPhone
		{802D04CC-94BB-4E36-B887-32614F131245}.Debug|x86.ActiveCfg = Debug|iPhone
		{802D04CC-94BB-4E36-B887-32614F131245}.Release|Any CPU.ActiveCfg = Release|iPhone
		{802D04CC-94BB-4E36-B887-32614F131245}.Release|ARM.ActiveCfg = Release|iPhone
		{802D04CC-94BB-4E36-B887-32614F131245}.Release|iPhone.ActiveCfg = Release|iPhone
		{802D04CC-94BB-4E36-B887-32614F131245}.Release|iPhone.Build.0 = Release|iPhone
		{802D04CC-94BB-4E36-B887-32614F131245}.Release|iPhoneSimulator.ActiveCfg = Release|iPhoneSimulator
		{802D04CC-94BB-4E36-B887-32614F131245}.Release|iPhoneSimulator.Build.0 = Release|iPhoneSimulator
		{802D04CC-94BB-4E36-B887-32614F131245}.Release|Mixed Platforms.ActiveCfg = Release|iPhone
		{802D04CC-94BB-4E36-B887-32614F131245}.Release|Mixed Platforms.Build.0 = Release|iPhone
		{802D04CC-94BB-4E36-B887-32614F131245}.Release|x86.ActiveCfg = Release|iPhone
		{5082FC92-3308-4E47-83FC-1755F22F81A6}.Ad-Hoc|Any CPU.ActiveCfg = Release|Any CPU
		{5082FC92-3308-4E47-83FC-1755F22F81A6}.Ad-Hoc|Any CPU.Build.0 = Release|Any CPU
		{5082FC92-3308-4E47-83FC-1755F22F81A6}.Ad-Hoc|Any CPU.Deploy.0 = Release|Any CPU
		{5082FC92-3308-4E47-83FC-1755F22F81A6}.Ad-Hoc|ARM.ActiveCfg = Release|Any CPU
		{5082FC92-3308-4E47-83FC-1755F22F81A6}.Ad-Hoc|iPhone.ActiveCfg = Release|Any CPU
		{5082FC92-3308-4E47-83FC-1755F22F81A6}.Ad-Hoc|iPhoneSimulator.ActiveCfg = Release|Any CPU
		{5082FC92-3308-4E47-83FC-1755F22F81A6}.Ad-Hoc|Mixed Platforms.ActiveCfg = Release|Any CPU
		{5082FC92-3308-4E47-83FC-1755F22F81A6}.Ad-Hoc|Mixed Platforms.Build.0 = Release|Any CPU
		{5082FC92-3308-4E47-83FC-1755F22F81A6}.Ad-Hoc|Mixed Platforms.Deploy.0 = Release|Any CPU
		{5082FC92-3308-4E47-83FC-1755F22F81A6}.Ad-Hoc|x86.ActiveCfg = Release|Any CPU
		{5082FC92-3308-4E47-83FC-1755F22F81A6}.AppStore|Any CPU.ActiveCfg = Release|Any CPU
		{5082FC92-3308-4E47-83FC-1755F22F81A6}.AppStore|Any CPU.Build.0 = Release|Any CPU
		{5082FC92-3308-4E47-83FC-1755F22F81A6}.AppStore|Any CPU.Deploy.0 = Release|Any CPU
		{5082FC92-3308-4E47-83FC-1755F22F81A6}.AppStore|ARM.ActiveCfg = Release|Any CPU
		{5082FC92-3308-4E47-83FC-1755F22F81A6}.AppStore|iPhone.ActiveCfg = Release|Any CPU
		{5082FC92-3308-4E47-83FC-1755F22F81A6}.AppStore|iPhoneSimulator.ActiveCfg = Release|Any CPU
		{5082FC92-3308-4E47-83FC-1755F22F81A6}.AppStore|Mixed Platforms.ActiveCfg = Release|Any CPU
		{5082FC92-3308-4E47-83FC-1755F22F81A6}.AppStore|Mixed Platforms.Build.0 = Release|Any CPU
		{5082FC92-3308-4E47-83FC-1755F22F81A6}.AppStore|Mixed Platforms.Deploy.0 = Release|Any CPU
		{5082FC92-3308-4E47-83FC-1755F22F81A6}.AppStore|x86.ActiveCfg = Release|Any CPU
		{5082FC92-3308-4E47-83FC-1755F22F81A6}.Debug|Any CPU.ActiveCfg = Debug|Any CPU
		{5082FC92-3308-4E47-83FC-1755F22F81A6}.Debug|Any CPU.Build.0 = Debug|Any CPU
		{5082FC92-3308-4E47-83FC-1755F22F81A6}.Debug|Any CPU.Deploy.0 = Debug|Any CPU
		{5082FC92-3308-4E47-83FC-1755F22F81A6}.Debug|ARM.ActiveCfg = Debug|Any CPU
		{5082FC92-3308-4E47-83FC-1755F22F81A6}.Debug|iPhone.ActiveCfg = Debug|Any CPU
		{5082FC92-3308-4E47-83FC-1755F22F81A6}.Debug|iPhoneSimulator.ActiveCfg = Debug|Any CPU
		{5082FC92-3308-4E47-83FC-1755F22F81A6}.Debug|Mixed Platforms.ActiveCfg = Debug|Any CPU
		{5082FC92-3308-4E47-83FC-1755F22F81A6}.Debug|Mixed Platforms.Build.0 = Debug|Any CPU
		{5082FC92-3308-4E47-83FC-1755F22F81A6}.Debug|Mixed Platforms.Deploy.0 = Debug|Any CPU
		{5082FC92-3308-4E47-83FC-1755F22F81A6}.Debug|x86.ActiveCfg = Debug|Any CPU
		{5082FC92-3308-4E47-83FC-1755F22F81A6}.Release|Any CPU.ActiveCfg = Release|Any CPU
		{5082FC92-3308-4E47-83FC-1755F22F81A6}.Release|Any CPU.Build.0 = Release|Any CPU
		{5082FC92-3308-4E47-83FC-1755F22F81A6}.Release|Any CPU.Deploy.0 = Release|Any CPU
		{5082FC92-3308-4E47-83FC-1755F22F81A6}.Release|ARM.ActiveCfg = Release|Any CPU
		{5082FC92-3308-4E47-83FC-1755F22F81A6}.Release|iPhone.ActiveCfg = Release|Any CPU
		{5082FC92-3308-4E47-83FC-1755F22F81A6}.Release|iPhoneSimulator.ActiveCfg = Release|Any CPU
		{5082FC92-3308-4E47-83FC-1755F22F81A6}.Release|Mixed Platforms.ActiveCfg = Release|Any CPU
		{5082FC92-3308-4E47-83FC-1755F22F81A6}.Release|Mixed Platforms.Build.0 = Release|Any CPU
		{5082FC92-3308-4E47-83FC-1755F22F81A6}.Release|Mixed Platforms.Deploy.0 = Release|Any CPU
		{5082FC92-3308-4E47-83FC-1755F22F81A6}.Release|x86.ActiveCfg = Release|Any CPU
		{3FF5CA7F-6D0A-48A0-9318-276B348B0895}.Ad-Hoc|Any CPU.ActiveCfg = Release|Any CPU
		{3FF5CA7F-6D0A-48A0-9318-276B348B0895}.Ad-Hoc|Any CPU.Build.0 = Release|Any CPU
		{3FF5CA7F-6D0A-48A0-9318-276B348B0895}.Ad-Hoc|ARM.ActiveCfg = Release|Any CPU
		{3FF5CA7F-6D0A-48A0-9318-276B348B0895}.Ad-Hoc|iPhone.ActiveCfg = Release|Any CPU
		{3FF5CA7F-6D0A-48A0-9318-276B348B0895}.Ad-Hoc|iPhoneSimulator.ActiveCfg = Release|Any CPU
		{3FF5CA7F-6D0A-48A0-9318-276B348B0895}.Ad-Hoc|Mixed Platforms.ActiveCfg = Release|Any CPU
		{3FF5CA7F-6D0A-48A0-9318-276B348B0895}.Ad-Hoc|Mixed Platforms.Build.0 = Release|Any CPU
		{3FF5CA7F-6D0A-48A0-9318-276B348B0895}.Ad-Hoc|x86.ActiveCfg = Release|Any CPU
		{3FF5CA7F-6D0A-48A0-9318-276B348B0895}.AppStore|Any CPU.ActiveCfg = Release|Any CPU
		{3FF5CA7F-6D0A-48A0-9318-276B348B0895}.AppStore|Any CPU.Build.0 = Release|Any CPU
		{3FF5CA7F-6D0A-48A0-9318-276B348B0895}.AppStore|ARM.ActiveCfg = Release|Any CPU
		{3FF5CA7F-6D0A-48A0-9318-276B348B0895}.AppStore|iPhone.ActiveCfg = Release|Any CPU
		{3FF5CA7F-6D0A-48A0-9318-276B348B0895}.AppStore|iPhoneSimulator.ActiveCfg = Release|Any CPU
		{3FF5CA7F-6D0A-48A0-9318-276B348B0895}.AppStore|Mixed Platforms.ActiveCfg = Release|Any CPU
		{3FF5CA7F-6D0A-48A0-9318-276B348B0895}.AppStore|Mixed Platforms.Build.0 = Release|Any CPU
		{3FF5CA7F-6D0A-48A0-9318-276B348B0895}.AppStore|x86.ActiveCfg = Release|Any CPU
		{3FF5CA7F-6D0A-48A0-9318-276B348B0895}.Debug|Any CPU.ActiveCfg = Debug|Any CPU
		{3FF5CA7F-6D0A-48A0-9318-276B348B0895}.Debug|Any CPU.Build.0 = Debug|Any CPU
		{3FF5CA7F-6D0A-48A0-9318-276B348B0895}.Debug|ARM.ActiveCfg = Debug|Any CPU
		{3FF5CA7F-6D0A-48A0-9318-276B348B0895}.Debug|iPhone.ActiveCfg = Debug|Any CPU
		{3FF5CA7F-6D0A-48A0-9318-276B348B0895}.Debug|iPhoneSimulator.ActiveCfg = Debug|Any CPU
		{3FF5CA7F-6D0A-48A0-9318-276B348B0895}.Debug|Mixed Platforms.ActiveCfg = Debug|Any CPU
		{3FF5CA7F-6D0A-48A0-9318-276B348B0895}.Debug|Mixed Platforms.Build.0 = Debug|Any CPU
		{3FF5CA7F-6D0A-48A0-9318-276B348B0895}.Debug|x86.ActiveCfg = Debug|Any CPU
		{3FF5CA7F-6D0A-48A0-9318-276B348B0895}.Release|Any CPU.ActiveCfg = Release|Any CPU
		{3FF5CA7F-6D0A-48A0-9318-276B348B0895}.Release|Any CPU.Build.0 = Release|Any CPU
		{3FF5CA7F-6D0A-48A0-9318-276B348B0895}.Release|ARM.ActiveCfg = Release|Any CPU
		{3FF5CA7F-6D0A-48A0-9318-276B348B0895}.Release|iPhone.ActiveCfg = Release|Any CPU
		{3FF5CA7F-6D0A-48A0-9318-276B348B0895}.Release|iPhoneSimulator.ActiveCfg = Release|Any CPU
		{3FF5CA7F-6D0A-48A0-9318-276B348B0895}.Release|Mixed Platforms.ActiveCfg = Release|Any CPU
		{3FF5CA7F-6D0A-48A0-9318-276B348B0895}.Release|Mixed Platforms.Build.0 = Release|Any CPU
		{3FF5CA7F-6D0A-48A0-9318-276B348B0895}.Release|x86.ActiveCfg = Release|Any CPU
	EndGlobalSection
	GlobalSection(SolutionProperties) = preSolution
		HideSolutionNode = FALSE
	EndGlobalSection
EndGlobal
